
Microsoft Visual Studio Solution File, Format Version 12.00
Project("{FAE04EC0-301F-11D3-BF4B-00C04F79EFBC}") = "NaptanDataPrototype", "NaptanDataPrototype\NaptanDataPrototype.csproj", "{61A47C5F-D8A2-48FB-81E0-EEE505DEB58B}"
EndProject
Project("{FAE04EC0-301F-11D3-BF4B-00C04F79EFBC}") = "NaptanDataPrototypeTests", "NaptanDataPrototypeTests\NaptanDataPrototypeTests.csproj", "{4223ABA7-CD29-43AC-A825-56C1E95DB7C3}"
EndProject
Global
	GlobalSection(SolutionConfigurationPlatforms) = preSolution
		Debug|Any CPU = Debug|Any CPU
		Release|Any CPU = Release|Any CPU
	EndGlobalSection
	GlobalSection(ProjectConfigurationPlatforms) = postSolution
		{61A47C5F-D8A2-48FB-81E0-EEE505DEB58B}.Debug|Any CPU.ActiveCfg = Debug|Any CPU
		{61A47C5F-D8A2-48FB-81E0-EEE505DEB58B}.Debug|Any CPU.Build.0 = Debug|Any CPU
		{61A47C5F-D8A2-48FB-81E0-EEE505DEB58B}.Release|Any CPU.ActiveCfg = Release|Any CPU
		{61A47C5F-D8A2-48FB-81E0-EEE505DEB58B}.Release|Any CPU.Build.0 = Release|Any CPU
		{4223ABA7-CD29-43AC-A825-56C1E95DB7C3}.Debug|Any CPU.ActiveCfg = Debug|Any CPU
		{4223ABA7-CD29-43AC-A825-56C1E95DB7C3}.Debug|Any CPU.Build.0 = Debug|Any CPU
		{4223ABA7-CD29-43AC-A825-56C1E95DB7C3}.Release|Any CPU.ActiveCfg = Release|Any CPU
		{4223ABA7-CD29-43AC-A825-56C1E95DB7C3}.Release|Any CPU.Build.0 = Release|Any CPU
	EndGlobalSection
EndGlobal
